
Microsoft Visual Studio Solution File, Format Version 12.00
# Visual Studio Version 16
VisualStudioVersion = 16.0.30330.147
MinimumVisualStudioVersion = 10.0.40219.1
Project("{9A19103F-16F7-4668-BE54-9A1E7A4F7556}") = "ParseIt", "ParseIt\ParseIt.csproj", "{02A18B9B-CA87-4F57-8511-FC22F803D859}"
EndProject
Project("{9A19103F-16F7-4668-BE54-9A1E7A4F7556}") = "ParseIt.Test", "ParseIt.Test\ParseIt.Test.csproj", "{1616442F-8CBB-437B-B0DD-0D09D24C48AD}"
EndProject
Project("{9A19103F-16F7-4668-BE54-9A1E7A4F7556}") = "ExChangeIt", "ExChangeIt\ExChangeIt.csproj", "{EC2498AE-67F1-4606-81CC-6D01A4409C84}"
EndProject
Project("{9A19103F-16F7-4668-BE54-9A1E7A4F7556}") = "SurpriseText", "SurpriseText\SurpriseText.csproj", "{7EADE8D8-4ACB-4F36-9CDC-B4C2A865E3A9}"
EndProject
Project("{9A19103F-16F7-4668-BE54-9A1E7A4F7556}") = "Contracts", "Contracts\Contracts.csproj", "{24A08D6A-37E1-49CA-9E70-BFA7CFD8C84A}"
EndProject
Project("{9A19103F-16F7-4668-BE54-9A1E7A4F7556}") = "GameOfLife", "GameOfLife\GameOfLife.csproj", "{F506499E-3994-430E-8930-143FBFE01E78}"
EndProject
Project("{2150E333-8FDC-42A3-9474-1A3956D46DE8}") = "Tema_1", "Tema_1", "{6D5D9209-4242-4FDF-B4A3-EC1EF3D139B7}"
EndProject
Project("{2150E333-8FDC-42A3-9474-1A3956D46DE8}") = "Tema_2", "Tema_2", "{5409D323-5BC6-40B0-AF2B-0348EF279FF9}"
EndProject
Project("{2150E333-8FDC-42A3-9474-1A3956D46DE8}") = "Tema_3", "Tema_3", "{B9238A70-8168-442E-BCCD-8D1133EC08F9}"
EndProject
Project("{2150E333-8FDC-42A3-9474-1A3956D46DE8}") = "Tema_4", "Tema_4", "{3396AFF1-A304-4CE5-8DFA-F2222928048E}"
EndProject
Project("{9A19103F-16F7-4668-BE54-9A1E7A4F7556}") = "Moca", "Moca\Moca.csproj", "{20DC7D28-8678-41C8-98BF-EBC6547E8DD6}"
EndProject
Project("{FAE04EC0-301F-11D3-BF4B-00C04F79EFBC}") = "Moca.Domain", "Moca.Domain\Moca.Domain.csproj", "{BEADCC17-6328-4C8A-90CC-DAD79C3BA71B}"
EndProject
Global
	GlobalSection(SolutionConfigurationPlatforms) = preSolution
		Debug|Any CPU = Debug|Any CPU
		Release|Any CPU = Release|Any CPU
	EndGlobalSection
	GlobalSection(ProjectConfigurationPlatforms) = postSolution
		{02A18B9B-CA87-4F57-8511-FC22F803D859}.Debug|Any CPU.ActiveCfg = Debug|Any CPU
		{02A18B9B-CA87-4F57-8511-FC22F803D859}.Debug|Any CPU.Build.0 = Debug|Any CPU
		{02A18B9B-CA87-4F57-8511-FC22F803D859}.Release|Any CPU.ActiveCfg = Release|Any CPU
		{02A18B9B-CA87-4F57-8511-FC22F803D859}.Release|Any CPU.Build.0 = Release|Any CPU
		{1616442F-8CBB-437B-B0DD-0D09D24C48AD}.Debug|Any CPU.ActiveCfg = Debug|Any CPU
		{1616442F-8CBB-437B-B0DD-0D09D24C48AD}.Debug|Any CPU.Build.0 = Debug|Any CPU
		{1616442F-8CBB-437B-B0DD-0D09D24C48AD}.Release|Any CPU.ActiveCfg = Release|Any CPU
		{1616442F-8CBB-437B-B0DD-0D09D24C48AD}.Release|Any CPU.Build.0 = Release|Any CPU
		{EC2498AE-67F1-4606-81CC-6D01A4409C84}.Debug|Any CPU.ActiveCfg = Debug|Any CPU
		{EC2498AE-67F1-4606-81CC-6D01A4409C84}.Debug|Any CPU.Build.0 = Debug|Any CPU
		{EC2498AE-67F1-4606-81CC-6D01A4409C84}.Release|Any CPU.ActiveCfg = Release|Any CPU
		{EC2498AE-67F1-4606-81CC-6D01A4409C84}.Release|Any CPU.Build.0 = Release|Any CPU
		{7EADE8D8-4ACB-4F36-9CDC-B4C2A865E3A9}.Debug|Any CPU.ActiveCfg = Debug|Any CPU
		{7EADE8D8-4ACB-4F36-9CDC-B4C2A865E3A9}.Debug|Any CPU.Build.0 = Debug|Any CPU
		{7EADE8D8-4ACB-4F36-9CDC-B4C2A865E3A9}.Release|Any CPU.ActiveCfg = Release|Any CPU
		{7EADE8D8-4ACB-4F36-9CDC-B4C2A865E3A9}.Release|Any CPU.Build.0 = Release|Any CPU
		{24A08D6A-37E1-49CA-9E70-BFA7CFD8C84A}.Debug|Any CPU.ActiveCfg = Debug|Any CPU
		{24A08D6A-37E1-49CA-9E70-BFA7CFD8C84A}.Debug|Any CPU.Build.0 = Debug|Any CPU
		{24A08D6A-37E1-49CA-9E70-BFA7CFD8C84A}.Release|Any CPU.ActiveCfg = Release|Any CPU
		{24A08D6A-37E1-49CA-9E70-BFA7CFD8C84A}.Release|Any CPU.Build.0 = Release|Any CPU
		{F506499E-3994-430E-8930-143FBFE01E78}.Debug|Any CPU.ActiveCfg = Debug|Any CPU
		{F506499E-3994-430E-8930-143FBFE01E78}.Debug|Any CPU.Build.0 = Debug|Any CPU
		{F506499E-3994-430E-8930-143FBFE01E78}.Release|Any CPU.ActiveCfg = Release|Any CPU
		{F506499E-3994-430E-8930-143FBFE01E78}.Release|Any CPU.Build.0 = Release|Any CPU
		{20DC7D28-8678-41C8-98BF-EBC6547E8DD6}.Debug|Any CPU.ActiveCfg = Debug|Any CPU
		{20DC7D28-8678-41C8-98BF-EBC6547E8DD6}.Debug|Any CPU.Build.0 = Debug|Any CPU
		{20DC7D28-8678-41C8-98BF-EBC6547E8DD6}.Release|Any CPU.ActiveCfg = Release|Any CPU
		{20DC7D28-8678-41C8-98BF-EBC6547E8DD6}.Release|Any CPU.Build.0 = Release|Any CPU
		{BEADCC17-6328-4C8A-90CC-DAD79C3BA71B}.Debug|Any CPU.ActiveCfg = Debug|Any CPU
		{BEADCC17-6328-4C8A-90CC-DAD79C3BA71B}.Debug|Any CPU.Build.0 = Debug|Any CPU
		{BEADCC17-6328-4C8A-90CC-DAD79C3BA71B}.Release|Any CPU.ActiveCfg = Release|Any CPU
		{BEADCC17-6328-4C8A-90CC-DAD79C3BA71B}.Release|Any CPU.Build.0 = Release|Any CPU
	EndGlobalSection
	GlobalSection(SolutionProperties) = preSolution
		HideSolutionNode = FALSE
	EndGlobalSection
	GlobalSection(NestedProjects) = preSolution
		{02A18B9B-CA87-4F57-8511-FC22F803D859} = {6D5D9209-4242-4FDF-B4A3-EC1EF3D139B7}
		{1616442F-8CBB-437B-B0DD-0D09D24C48AD} = {6D5D9209-4242-4FDF-B4A3-EC1EF3D139B7}
		{EC2498AE-67F1-4606-81CC-6D01A4409C84} = {5409D323-5BC6-40B0-AF2B-0348EF279FF9}
		{7EADE8D8-4ACB-4F36-9CDC-B4C2A865E3A9} = {B9238A70-8168-442E-BCCD-8D1133EC08F9}
		{24A08D6A-37E1-49CA-9E70-BFA7CFD8C84A} = {B9238A70-8168-442E-BCCD-8D1133EC08F9}
		{F506499E-3994-430E-8930-143FBFE01E78} = {B9238A70-8168-442E-BCCD-8D1133EC08F9}
		{20DC7D28-8678-41C8-98BF-EBC6547E8DD6} = {3396AFF1-A304-4CE5-8DFA-F2222928048E}
		{BEADCC17-6328-4C8A-90CC-DAD79C3BA71B} = {3396AFF1-A304-4CE5-8DFA-F2222928048E}
	EndGlobalSection
	GlobalSection(ExtensibilityGlobals) = postSolution
		SolutionGuid = {BCCDA1AD-99AD-4E50-9BBF-184FB35AF066}
	EndGlobalSection
EndGlobal
